
Microsoft Visual Studio Solution File, Format Version 12.00
# Visual Studio Version 16
VisualStudioVersion = 16.0.29519.87
MinimumVisualStudioVersion = 10.0.40219.1
Project("{8BC9CEB8-8B4A-11D0-8D11-00A0C91BC942}") = "cublas-distance-matrix", "cublas-distance-matrix\cublas-distance-matrix.vcxproj", "{E219CBAF-0AF4-409D-B055-0BF91A171CED}"
EndProject
Global
	GlobalSection(SolutionConfigurationPlatforms) = preSolution
		Debug|x64 = Debug|x64
		Release|x64 = Release|x64
	EndGlobalSection
	GlobalSection(ProjectConfigurationPlatforms) = postSolution
		{E219CBAF-0AF4-409D-B055-0BF91A171CED}.Debug|x64.ActiveCfg = Debug|x64
		{E219CBAF-0AF4-409D-B055-0BF91A171CED}.Debug|x64.Build.0 = Debug|x64
		{E219CBAF-0AF4-409D-B055-0BF91A171CED}.Release|x64.ActiveCfg = Release|x64
		{E219CBAF-0AF4-409D-B055-0BF91A171CED}.Release|x64.Build.0 = Release|x64
	EndGlobalSection
	GlobalSection(SolutionProperties) = preSolution
		HideSolutionNode = FALSE
	EndGlobalSection
	GlobalSection(ExtensibilityGlobals) = postSolution
		SolutionGuid = {60171C5A-585D-401B-B4BB-3AF6449F5ACA}
	EndGlobalSection
EndGlobal
